# This file is automatically @generated by Cargo.
# It is not intended for manual editing.
[[package]]
name = "autocfg"
version = "1.0.1"
source = "registry+https://github.com/rust-lang/crates.io-index"
checksum = "cdb031dd78e28731d87d56cc8ffef4a8f36ca26c38fe2de700543e627f8a464a"

[[package]]
name = "cfg-if"
version = "0.1.10"
source = "registry+https://github.com/rust-lang/crates.io-index"
checksum = "4785bdd1c96b2a846b2bd7cc02e86b6b3dbf14e7e53446c4f54c92a361040822"

[[package]]
name = "cfg-if"
version = "1.0.0"
source = "registry+https://github.com/rust-lang/crates.io-index"
checksum = "baf1de4339761588bc0619e3cbc0120ee582ebb74b53b4efbf79117bd2da40fd"

[[package]]
name = "crossbeam-channel"
version = "0.5.1"
source = "registry+https://github.com/rust-lang/crates.io-index"
checksum = "06ed27e177f16d65f0f0c22a213e17c696ace5dd64b14258b52f9417ccb52db4"
dependencies = [
 "cfg-if 1.0.0",
 "crossbeam-utils",
]

[[package]]
name = "crossbeam-utils"
version = "0.8.3"
source = "registry+https://github.com/rust-lang/crates.io-index"
checksum = "e7e9d99fa91428effe99c5c6d4634cdeba32b8cf784fc428a2a687f61a952c49"
dependencies = [
 "autocfg",
 "cfg-if 1.0.0",
 "lazy_static",
]

[[package]]
name = "heck"
version = "0.3.2"
source = "registry+https://github.com/rust-lang/crates.io-index"
checksum = "87cbf45460356b7deeb5e3415b5563308c0a9b057c85e12b06ad551f98d0a6ac"
dependencies = [
 "unicode-segmentation",
]

[[package]]
name = "integer-encoding"
version = "3.0.2"
source = "registry+https://github.com/rust-lang/crates.io-index"
checksum = "90c11140ffea82edce8dcd74137ce9324ec24b3cf0175fc9d7e29164da9915b8"

[[package]]
name = "lazy_static"
version = "1.4.0"
source = "registry+https://github.com/rust-lang/crates.io-index"
checksum = "e2abad23fbc42b3700f2f279844dc832adb2b2eb069b2df918f455c4e18cc646"

[[package]]
name = "libc"
version = "0.2.94"
source = "registry+https://github.com/rust-lang/crates.io-index"
checksum = "18794a8ad5b29321f790b55d93dfba91e125cb1a9edbd4f8e3150acc771c1a5e"

[[package]]
name = "log"
version = "0.4.14"
source = "registry+https://github.com/rust-lang/crates.io-index"
checksum = "51b9bbe6c47d51fc3e1a9b945965946b4c44142ab8792c50835a980d362c2710"
dependencies = [
 "cfg-if 1.0.0",
]

[[package]]
name = "message-io"
version = "0.13.2"
source = "registry+https://github.com/rust-lang/crates.io-index"
checksum = "65b0b5345605fe613d693b24f253fdc896f044375b0761bd943f70503da59a6c"
dependencies = [
 "crossbeam-channel",
 "crossbeam-utils",
 "integer-encoding",
 "lazy_static",
 "log",
 "mio",
 "net2",
 "serde",
 "strum",
]

[[package]]
name = "mio"
version = "0.7.11"
source = "registry+https://github.com/rust-lang/crates.io-index"
checksum = "cf80d3e903b34e0bd7282b218398aec54e082c840d9baf8339e0080a0c542956"
dependencies = [
 "libc",
 "log",
 "miow",
 "ntapi",
 "winapi",
]

[[package]]
name = "miow"
version = "0.3.7"
source = "registry+https://github.com/rust-lang/crates.io-index"
checksum = "b9f1c5b025cda876f66ef43a113f91ebc9f4ccef34843000e0adf6ebbab84e21"
dependencies = [
 "winapi",
]

[[package]]
name = "net2"
version = "0.2.37"
source = "registry+https://github.com/rust-lang/crates.io-index"
checksum = "391630d12b68002ae1e25e8f974306474966550ad82dac6886fb8910c19568ae"
dependencies = [
 "cfg-if 0.1.10",
 "libc",
 "winapi",
]

[[package]]
name = "ntapi"
version = "0.3.6"
source = "registry+https://github.com/rust-lang/crates.io-index"
checksum = "3f6bb902e437b6d86e03cce10a7e2af662292c5dfef23b65899ea3ac9354ad44"
dependencies = [
 "winapi",
]

[[package]]
name = "proc-macro2"
version = "1.0.26"
source = "registry+https://github.com/rust-lang/crates.io-index"
checksum = "a152013215dca273577e18d2bf00fa862b89b24169fb78c4c95aeb07992c9cec"
dependencies = [
 "unicode-xid",
]

[[package]]
name = "quote"
version = "1.0.9"
source = "registry+https://github.com/rust-lang/crates.io-index"
checksum = "c3d0b9745dc2debf507c8422de05d7226cc1f0644216dfdfead988f9b1ab32a7"
dependencies = [
 "proc-macro2",
]

[[package]]
name = "rutie"
version = "0.8.2"
source = "registry+https://github.com/rust-lang/crates.io-index"
checksum = "678217ed742ca819057a79c0146703d1278afbb38896eb0283c410a6cab7c28c"
dependencies = [
 "lazy_static",
 "libc",
]

[[package]]
name = "serde"
version = "1.0.125"
source = "registry+https://github.com/rust-lang/crates.io-index"
checksum = "558dc50e1a5a5fa7112ca2ce4effcb321b0300c0d4ccf0776a9f60cd89031171"
dependencies = [
 "serde_derive",
]

[[package]]
name = "serde_derive"
version = "1.0.125"
source = "registry+https://github.com/rust-lang/crates.io-index"
checksum = "b093b7a2bb58203b5da3056c05b4ec1fed827dcfdb37347a8841695263b3d06d"
dependencies = [
 "proc-macro2",
 "quote",
 "syn",
]

[[package]]
name = "strum"
version = "0.20.0"
source = "registry+https://github.com/rust-lang/crates.io-index"
checksum = "7318c509b5ba57f18533982607f24070a55d353e90d4cae30c467cdb2ad5ac5c"
dependencies = [
 "strum_macros",
]

[[package]]
name = "strum_macros"
version = "0.20.1"
source = "registry+https://github.com/rust-lang/crates.io-index"
checksum = "ee8bc6b87a5112aeeab1f4a9f7ab634fe6cbefc4850006df31267f4cfb9e3149"
dependencies = [
 "heck",
 "proc-macro2",
 "quote",
 "syn",
]

[[package]]
name = "syn"
version = "1.0.70"
source = "registry+https://github.com/rust-lang/crates.io-index"
checksum = "b9505f307c872bab8eb46f77ae357c8eba1fdacead58ee5a850116b1d7f82883"
dependencies = [
 "proc-macro2",
 "quote",
 "unicode-xid",
]

[[package]]
name = "tcp_server"
version = "0.1.0"
dependencies = [
 "lazy_static",
 "message-io",
 "rutie",
]

[[package]]
name = "unicode-segmentation"
version = "1.7.1"
source = "registry+https://github.com/rust-lang/crates.io-index"
checksum = "bb0d2e7be6ae3a5fa87eed5fb451aff96f2573d2694942e40543ae0bbe19c796"

[[package]]
name = "unicode-xid"
version = "0.2.1"
source = "registry+https://github.com/rust-lang/crates.io-index"
checksum = "f7fe0bb3479651439c9112f72b6c505038574c9fbb575ed1bf3b797fa39dd564"

[[package]]
name = "winapi"
version = "0.3.9"
source = "registry+https://github.com/rust-lang/crates.io-index"
checksum = "5c839a674fcd7a98952e593242ea400abe93992746761e38641405d28b00f419"
dependencies = [
 "winapi-i686-pc-windows-gnu",
 "winapi-x86_64-pc-windows-gnu",
]

[[package]]
name = "winapi-i686-pc-windows-gnu"
version = "0.4.0"
source = "registry+https://github.com/rust-lang/crates.io-index"
checksum = "ac3b87c63620426dd9b991e5ce0329eff545bccbbb34f3be09ff6fb6ab51b7b6"

[[package]]
name = "winapi-x86_64-pc-windows-gnu"
version = "0.4.0"
source = "registry+https://github.com/rust-lang/crates.io-index"
checksum = "712e227841d057c1ee1cd2fb22fa7e5a5461ae8e48fa2ca79ec42cfc1931183f"
